// !$*UTF8*$!
{
	archiveVersion = 1;
	classes = {
	};
	objectVersion = 46;
	objects = {

/* Begin PBXBuildFile section */
		B5B0A3A31A6D3EAE0046BC64 /* main.m in Sources */ = {isa = PBXBuildFile; fileRef = B5B0A3A21A6D3EAE0046BC64 /* main.m */; };
		B5B0A3A61A6D3EAE0046BC64 /* AppDelegate.m in Sources */ = {isa = PBXBuildFile; fileRef = B5B0A3A51A6D3EAE0046BC64 /* AppDelegate.m */; };
		B5B0A3A91A6D3EAE0046BC64 /* CrashPOC.xcdatamodeld in Sources */ = {isa = PBXBuildFile; fileRef = B5B0A3A71A6D3EAE0046BC64 /* CrashPOC.xcdatamodeld */; };
		B5B0A3AC1A6D3EAE0046BC64 /* MasterViewController.m in Sources */ = {isa = PBXBuildFile; fileRef = B5B0A3AB1A6D3EAE0046BC64 /* MasterViewController.m */; };
		B5B0A3B21A6D3EAE0046BC64 /* Main.storyboard in Resources */ = {isa = PBXBuildFile; fileRef = B5B0A3B01A6D3EAE0046BC64 /* Main.storyboard */; };
		B5B0A3B41A6D3EAE0046BC64 /* Images.xcassets in Resources */ = {isa = PBXBuildFile; fileRef = B5B0A3B31A6D3EAE0046BC64 /* Images.xcassets */; };
		B5B0A3B71A6D3EAE0046BC64 /* LaunchScreen.xib in Resources */ = {isa = PBXBuildFile; fileRef = B5B0A3B51A6D3EAE0046BC64 /* LaunchScreen.xib */; };
		B5B0A3C31A6D3EAE0046BC64 /* CrashPOCTests.m in Sources */ = {isa = PBXBuildFile; fileRef = B5B0A3C21A6D3EAE0046BC64 /* CrashPOCTests.m */; };
		B5B0A3CE1A6D528C0046BC64 /* Event.m in Sources */ = {isa = PBXBuildFile; fileRef = B5B0A3CD1A6D528C0046BC64 /* Event.m */; };
/* End PBXBuildFile section */

/* Begin PBXContainerItemProxy section */
		B5B0A3BD1A6D3EAE0046BC64 /* PBXContainerItemProxy */ = {
			isa = PBXContainerItemProxy;
			containerPortal = B5B0A3951A6D3EAE0046BC64 /* Project object */;
			proxyType = 1;
			remoteGlobalIDString = B5B0A39C1A6D3EAE0046BC64;
			remoteInfo = CrashPOC;
		};
/* End PBXContainerItemProxy section */

/* Begin PBXFileReference section */
		B5B0A39D1A6D3EAE0046BC64 /* CrashPOC.app */ = {isa = PBXFileReference; explicitFileType = wrapper.application; includeInIndex = 0; path = CrashPOC.app; sourceTree = BUILT_PRODUCTS_DIR; };
		B5B0A3A11A6D3EAE0046BC64 /* Info.plist */ = {isa = PBXFileReference; lastKnownFileType = text.plist.xml; path = Info.plist; sourceTree = "<group>"; };
		B5B0A3A21A6D3EAE0046BC64 /* main.m */ = {isa = PBXFileReference; lastKnownFileType = sourcecode.c.objc; path = main.m; sourceTree = "<group>"; };
		B5B0A3A41A6D3EAE0046BC64 /* AppDelegate.h */ = {isa = PBXFileReference; lastKnownFileType = sourcecode.c.h; path = AppDelegate.h; sourceTree = "<group>"; };
		B5B0A3A51A6D3EAE0046BC64 /* AppDelegate.m */ = {isa = PBXFileReference; lastKnownFileType = sourcecode.c.objc; path = AppDelegate.m; sourceTree = "<group>"; };
		B5B0A3A81A6D3EAE0046BC64 /* CrashPOC.xcdatamodel */ = {isa = PBXFileReference; lastKnownFileType = wrapper.xcdatamodel; path = CrashPOC.xcdatamodel; sourceTree = "<group>"; };
		B5B0A3AA1A6D3EAE0046BC64 /* MasterViewController.h */ = {isa = PBXFileReference; lastKnownFileType = sourcecode.c.h; path = MasterViewController.h; sourceTree = "<group>"; };
		B5B0A3AB1A6D3EAE0046BC64 /* MasterViewController.m */ = {isa = PBXFileReference; lastKnownFileType = sourcecode.c.objc; path = MasterViewController.m; sourceTree = "<group>"; };
		B5B0A3B11A6D3EAE0046BC64 /* Base */ = {isa = PBXFileReference; lastKnownFileType = file.storyboard; name = Base; path = Base.lproj/Main.storyboard; sourceTree = "<group>"; };
		B5B0A3B31A6D3EAE0046BC64 /* Images.xcassets */ = {isa = PBXFileReference; lastKnownFileType = folder.assetcatalog; path = Images.xcassets; sourceTree = "<group>"; };
		B5B0A3B61A6D3EAE0046BC64 /* Base */ = {isa = PBXFileReference; lastKnownFileType = file.xib; name = Base; path = Base.lproj/LaunchScreen.xib; sourceTree = "<group>"; };
		B5B0A3BC1A6D3EAE0046BC64 /* CrashPOCTests.xctest */ = {isa = PBXFileReference; explicitFileType = wrapper.cfbundle; includeInIndex = 0; path = CrashPOCTests.xctest; sourceTree = BUILT_PRODUCTS_DIR; };
		B5B0A3C11A6D3EAE0046BC64 /* Info.plist */ = {isa = PBXFileReference; lastKnownFileType = text.plist.xml; path = Info.plist; sourceTree = "<group>"; };
		B5B0A3C21A6D3EAE0046BC64 /* CrashPOCTests.m */ = {isa = PBXFileReference; lastKnownFileType = sourcecode.c.objc; path = CrashPOCTests.m; sourceTree = "<group>"; };
		B5B0A3CC1A6D528C0046BC64 /* Event.h */ = {isa = PBXFileReference; fileEncoding = 4; lastKnownFileType = sourcecode.c.h; path = Event.h; sourceTree = "<group>"; };
		B5B0A3CD1A6D528C0046BC64 /* Event.m */ = {isa = PBXFileReference; fileEncoding = 4; lastKnownFileType = sourcecode.c.objc; path = Event.m; sourceTree = "<group>"; };
/* End PBXFileReference section */

/* Begin PBXFrameworksBuildPhase section */
		B5B0A39A1A6D3EAE0046BC64 /* Frameworks */ = {
			isa = PBXFrameworksBuildPhase;
			buildActionMask = 2147483647;
			files = (
			);
			runOnlyForDeploymentPostprocessing = 0;
		};
		B5B0A3B91A6D3EAE0046BC64 /* Frameworks */ = {
			isa = PBXFrameworksBuildPhase;
			buildActionMask = 2147483647;
			files = (
			);
			runOnlyForDeploymentPostprocessing = 0;
		};
/* End PBXFrameworksBuildPhase section */

/* Begin PBXGroup section */
		B5B0A3941A6D3EAE0046BC64 = {
			isa = PBXGroup;
			children = (
				B5B0A39F1A6D3EAE0046BC64 /* CrashPOC */,
				B5B0A3BF1A6D3EAE0046BC64 /* CrashPOCTests */,
				B5B0A39E1A6D3EAE0046BC64 /* Products */,
			);
			sourceTree = "<group>";
		};
		B5B0A39E1A6D3EAE0046BC64 /* Products */ = {
			isa = PBXGroup;
			children = (
				B5B0A39D1A6D3EAE0046BC64 /* CrashPOC.app */,
				B5B0A3BC1A6D3EAE0046BC64 /* CrashPOCTests.xctest */,
			);
			name = Products;
			sourceTree = "<group>";
		};
		B5B0A39F1A6D3EAE0046BC64 /* CrashPOC */ = {
			isa = PBXGroup;
			children = (
				B5B0A3A41A6D3EAE0046BC64 /* AppDelegate.h */,
				B5B0A3A51A6D3EAE0046BC64 /* AppDelegate.m */,
				B5B0A3AA1A6D3EAE0046BC64 /* MasterViewController.h */,
				B5B0A3AB1A6D3EAE0046BC64 /* MasterViewController.m */,
				B5B0A3B01A6D3EAE0046BC64 /* Main.storyboard */,
				B5B0A3B31A6D3EAE0046BC64 /* Images.xcassets */,
				B5B0A3B51A6D3EAE0046BC64 /* LaunchScreen.xib */,
				B5B0A3A71A6D3EAE0046BC64 /* CrashPOC.xcdatamodeld */,
				B5B0A3CC1A6D528C0046BC64 /* Event.h */,
				B5B0A3CD1A6D528C0046BC64 /* Event.m */,
				B5B0A3A01A6D3EAE0046BC64 /* Supporting Files */,
			);
			path = CrashPOC;
			sourceTree = "<group>";
		};
		B5B0A3A01A6D3EAE0046BC64 /* Supporting Files */ = {
			isa = PBXGroup;
			children = (
				B5B0A3A11A6D3EAE0046BC64 /* Info.plist */,
				B5B0A3A21A6D3EAE0046BC64 /* main.m */,
			);
			name = "Supporting Files";
			sourceTree = "<group>";
		};
		B5B0A3BF1A6D3EAE0046BC64 /* CrashPOCTests */ = {
			isa = PBXGroup;
			children = (
				B5B0A3C21A6D3EAE0046BC64 /* CrashPOCTests.m */,
				B5B0A3C01A6D3EAE0046BC64 /* Supporting Files */,
			);
			path = CrashPOCTests;
			sourceTree = "<group>";
		};
		B5B0A3C01A6D3EAE0046BC64 /* Supporting Files */ = {
			isa = PBXGroup;
			children = (
				B5B0A3C11A6D3EAE0046BC64 /* Info.plist */,
			);
			name = "Supporting Files";
			sourceTree = "<group>";
		};
/* End PBXGroup section */

/* Begin PBXNativeTarget section */
		B5B0A39C1A6D3EAE0046BC64 /* CrashPOC */ = {
			isa = PBXNativeTarget;
			buildConfigurationList = B5B0A3C61A6D3EAE0046BC64 /* Build configuration list for PBXNativeTarget "CrashPOC" */;
			buildPhases = (
				B5B0A3991A6D3EAE0046BC64 /* Sources */,
				B5B0A39A1A6D3EAE0046BC64 /* Frameworks */,
				B5B0A39B1A6D3EAE0046BC64 /* Resources */,
			);
			buildRules = (
			);
			dependencies = (
			);
			name = CrashPOC;
			productName = CrashPOC;
			productReference = B5B0A39D1A6D3EAE0046BC64 /* CrashPOC.app */;
			productType = "com.apple.product-type.application";
		};
		B5B0A3BB1A6D3EAE0046BC64 /* CrashPOCTests */ = {
			isa = PBXNativeTarget;
			buildConfigurationList = B5B0A3C91A6D3EAE0046BC64 /* Build configuration list for PBXNativeTarget "CrashPOCTests" */;
			buildPhases = (
				B5B0A3B81A6D3EAE0046BC64 /* Sources */,
				B5B0A3B91A6D3EAE0046BC64 /* Frameworks */,
				B5B0A3BA1A6D3EAE0046BC64 /* Resources */,
			);
			buildRules = (
			);
			dependencies = (
				B5B0A3BE1A6D3EAE0046BC64 /* PBXTargetDependency */,
			);
			name = CrashPOCTests;
			productName = CrashPOCTests;
			productReference = B5B0A3BC1A6D3EAE0046BC64 /* CrashPOCTests.xctest */;
			productType = "com.apple.product-type.bundle.unit-test";
		};
/* End PBXNativeTarget section */

/* Begin PBXProject section */
		B5B0A3951A6D3EAE0046BC64 /* Project object */ = {
			isa = PBXProject;
			attributes = {
				LastUpgradeCheck = 0610;
				ORGANIZATIONNAME = Lantean;
				TargetAttributes = {
					B5B0A39C1A6D3EAE0046BC64 = {
						CreatedOnToolsVersion = 6.1.1;
					};
					B5B0A3BB1A6D3EAE0046BC64 = {
						CreatedOnToolsVersion = 6.1.1;
						TestTargetID = B5B0A39C1A6D3EAE0046BC64;
					};
				};
			};
			buildConfigurationList = B5B0A3981A6D3EAE0046BC64 /* Build configuration list for PBXProject "CrashPOC" */;
			compatibilityVersion = "Xcode 3.2";
			developmentRegion = English;
			hasScannedForEncodings = 0;
			knownRegions = (
				en,
				Base,
			);
			mainGroup = B5B0A3941A6D3EAE0046BC64;
			productRefGroup = B5B0A39E1A6D3EAE0046BC64 /* Products */;
			projectDirPath = "";
			projectRoot = "";
			targets = (
				B5B0A39C1A6D3EAE0046BC64 /* CrashPOC */,
				B5B0A3BB1A6D3EAE0046BC64 /* CrashPOCTests */,
			);
		};
/* End PBXProject section */

/* Begin PBXResourcesBuildPhase section */
		B5B0A39B1A6D3EAE0046BC64 /* Resources */ = {
			isa = PBXResourcesBuildPhase;
			buildActionMask = 2147483647;
			files = (
				B5B0A3B21A6D3EAE0046BC64 /* Main.storyboard in Resources */,
				B5B0A3B71A6D3EAE0046BC64 /* LaunchScreen.xib in Resources */,
				B5B0A3B41A6D3EAE0046BC64 /* Images.xcassets in Resources */,
			);
			runOnlyForDeploymentPostprocessing = 0;
		};
		B5B0A3BA1A6D3EAE0046BC64 /* Resources */ = {
			isa = PBXResourcesBuildPhase;
			buildActionMask = 2147483647;
			files = (
			);
			runOnlyForDeploymentPostprocessing = 0;
		};
/* End PBXResourcesBuildPhase section */

/* Begin PBXSourcesBuildPhase section */
		B5B0A3991A6D3EAE0046BC64 /* Sources */ = {
			isa = PBXSourcesBuildPhase;
			buildActionMask = 2147483647;
			files = (
				B5B0A3AC1A6D3EAE0046BC64 /* MasterViewController.m in Sources */,
				B5B0A3A61A6D3EAE0046BC64 /* AppDelegate.m in Sources */,
				B5B0A3CE1A6D528C0046BC64 /* Event.m in Sources */,
				B5B0A3A91A6D3EAE0046BC64 /* CrashPOC.xcdatamodeld in Sources */,
				B5B0A3A31A6D3EAE0046BC64 /* main.m in Sources */,
			);
			runOnlyForDeploymentPostprocessing = 0;
		};
		B5B0A3B81A6D3EAE0046BC64 /* Sources */ = {
			isa = PBXSourcesBuildPhase;
			buildActionMask = 2147483647;
			files = (
				B5B0A3C31A6D3EAE0046BC64 /* CrashPOCTests.m in Sources */,
			);
			runOnlyForDeploymentPostprocessing = 0;
		};
/* End PBXSourcesBuildPhase section */

/* Begin PBXTargetDependency section */
		B5B0A3BE1A6D3EAE0046BC64 /* PBXTargetDependency */ = {
			isa = PBXTargetDependency;
			target = B5B0A39C1A6D3EAE0046BC64 /* CrashPOC */;
			targetProxy = B5B0A3BD1A6D3EAE0046BC64 /* PBXContainerItemProxy */;
		};
/* End PBXTargetDependency section */

/* Begin PBXVariantGroup section */
		B5B0A3B01A6D3EAE0046BC64 /* Main.storyboard */ = {
			isa = PBXVariantGroup;
			children = (
				B5B0A3B11A6D3EAE0046BC64 /* Base */,
			);
			name = Main.storyboard;
			sourceTree = "<group>";
		};
		B5B0A3B51A6D3EAE0046BC64 /* LaunchScreen.xib */ = {
			isa = PBXVariantGroup;
			children = (
				B5B0A3B61A6D3EAE0046BC64 /* Base */,
			);
			name = LaunchScreen.xib;
			sourceTree = "<group>";
		};
/* End PBXVariantGroup section */

/* Begin XCBuildConfiguration section */
		B5B0A3C41A6D3EAE0046BC64 /* Debug */ = {
			isa = XCBuildConfiguration;
			buildSettings = {
				ALWAYS_SEARCH_USER_PATHS = NO;
				CLANG_CXX_LANGUAGE_STANDARD = "gnu++0x";
				CLANG_CXX_LIBRARY = "libc++";
				CLANG_ENABLE_MODULES = YES;
				CLANG_ENABLE_OBJC_ARC = YES;
				CLANG_WARN_BOOL_CONVERSION = YES;
				CLANG_WARN_CONSTANT_CONVERSION = YES;
				CLANG_WARN_DIRECT_OBJC_ISA_USAGE = YES_ERROR;
				CLANG_WARN_EMPTY_BODY = YES;
				CLANG_WARN_ENUM_CONVERSION = YES;
				CLANG_WARN_INT_CONVERSION = YES;
				CLANG_WARN_OBJC_ROOT_CLASS = YES_ERROR;
				CLANG_WARN_UNREACHABLE_CODE = YES;
				CLANG_WARN__DUPLICATE_METHOD_MATCH = YES;
				"CODE_SIGN_IDENTITY[sdk=iphoneos*]" = "iPhone Developer";
				COPY_PHASE_STRIP = NO;
				ENABLE_STRICT_OBJC_MSGSEND = YES;
				GCC_C_LANGUAGE_STANDARD = gnu99;
				GCC_DYNAMIC_NO_PIC = NO;
				GCC_OPTIMIZATION_LEVEL = 0;
				GCC_PREPROCESSOR_DEFINITIONS = (
					"DEBUG=1",
					"$(inherited)",
				);
				GCC_SYMBOLS_PRIVATE_EXTERN = NO;
				GCC_WARN_64_TO_32_BIT_CONVERSION = YES;
				GCC_WARN_ABOUT_RETURN_TYPE = YES_ERROR;
				GCC_WARN_UNDECLARED_SELECTOR = YES;
				GCC_WARN_UNINITIALIZED_AUTOS = YES_AGGRESSIVE;
				GCC_WARN_UNUSED_FUNCTION = YES;
				GCC_WARN_UNUSED_VARIABLE = YES;
				IPHONEOS_DEPLOYMENT_TARGET = 8.1;
				MTL_ENABLE_DEBUG_INFO = YES;
				ONLY_ACTIVE_ARCH = YES;
				SDKROOT = iphoneos;
			};
			name = Debug;
		};
		B5B0A3C51A6D3EAE0046BC64 /* Release */ = {
			isa = XCBuildConfiguration;
			buildSettings = {
				ALWAYS_SEARCH_USER_PATHS = NO;
				CLANG_CXX_LANGUAGE_STANDARD = "gnu++0x";
				CLANG_CXX_LIBRARY = "libc++";
				CLANG_ENABLE_MODULES = YES;
				CLANG_ENABLE_OBJC_ARC = YES;
				CLANG_WARN_BOOL_CONVERSION = YES;
				CLANG_WARN_CONSTANT_CONVERSION = YES;
				CLANG_WARN_DIRECT_OBJC_ISA_USAGE = YES_ERROR;
				CLANG_WARN_EMPTY_BODY = YES;
				CLANG_WARN_ENUM_CONVERSION = YES;
				CLANG_WARN_INT_CONVERSION = YES;
				CLANG_WARN_OBJC_ROOT_CLASS = YES_ERROR;
				CLANG_WARN_UNREACHABLE_CODE = YES;
				CLANG_WARN__DUPLICATE_METHOD_MATCH = YES;
				"CODE_SIGN_IDENTITY[sdk=iphoneos*]" = "iPhone Developer";
				COPY_PHASE_STRIP = YES;
				ENABLE_NS_ASSERTIONS = NO;
				ENABLE_STRICT_OBJC_MSGSEND = YES;
				GCC_C_LANGUAGE_STANDARD = gnu99;
				GCC_WARN_64_TO_32_BIT_CONVERSION = YES;
				GCC_WARN_ABOUT_RETURN_TYPE = YES_ERROR;
				GCC_WARN_UNDECLARED_SELECTOR = YES;
				GCC_WARN_UNINITIALIZED_AUTOS = YES_AGGRESSIVE;
				GCC_WARN_UNUSED_FUNCTION = YES;
				GCC_WARN_UNUSED_VARIABLE = YES;
				IPHONEOS_DEPLOYMENT_TARGET = 8.1;
				MTL_ENABLE_DEBUG_INFO = NO;
				SDKROOT = iphoneos;
				VALIDATE_PRODUCT = YES;
			};
			name = Release;
		};
		B5B0A3C71A6D3EAE0046BC64 /* Debug */ = {
			isa = XCBuildConfiguration;
			buildSettings = {
				ASSETCATALOG_COMPILER_APPICON_NAME = AppIcon;
				INFOPLIST_FILE = CrashPOC/Info.plist;
				IPHONEOS_DEPLOYMENT_TARGET = 7.1;
				LD_RUNPATH_SEARCH_PATHS = "$(inherited) @executable_path/Frameworks";
				PRODUCT_NAME = "$(TARGET_NAME)";
			};
			name = Debug;
		};
		B5B0A3C81A6D3EAE0046BC64 /* Release */ = {
			isa = XCBuildConfiguration;
			buildSettings = {
				ASSETCATALOG_COMPILER_APPICON_NAME = AppIcon;
				INFOPLIST_FILE = CrashPOC/Info.plist;
				IPHONEOS_DEPLOYMENT_TARGET = 7.1;
				LD_RUNPATH_SEARCH_PATHS = "$(inherited) @executable_path/Frameworks";
				PRODUCT_NAME = "$(TARGET_NAME)";
			};
			name = Release;
		};
		B5B0A3CA1A6D3EAE0046BC64 /* Debug */ = {
			isa = XCBuildConfiguration;
			buildSettings = {
				BUNDLE_LOADER = "$(TEST_HOST)";
				FRAMEWORK_SEARCH_PATHS = (
					"$(SDKROOT)/Developer/Library/Frameworks",
					"$(inherited)",
				);
				GCC_PREPROCESSOR_DEFINITIONS = (
					"DEBUG=1",
					"$(inherited)",
				);
				INFOPLIST_FILE = CrashPOCTests/Info.plist;
				LD_RUNPATH_SEARCH_PATHS = "$(inherited) @executable_path/Frameworks @loader_path/Frameworks";
				PRODUCT_NAME = "$(TARGET_NAME)";
				TEST_HOST = "$(BUILT_PRODUCTS_DIR)/CrashPOC.app/CrashPOC";
			};
			name = Debug;
		};
		B5B0A3CB1A6D3EAE0046BC64 /* Release */ = {
			isa = XCBuildConfiguration;
			buildSettings = {
				BUNDLE_LOADER = "$(TEST_HOST)";
				FRAMEWORK_SEARCH_PATHS = (
					"$(SDKROOT)/Developer/Library/Frameworks",
					"$(inherited)",
				);
				INFOPLIST_FILE = CrashPOCTests/Info.plist;
				LD_RUNPATH_SEARCH_PATHS = "$(inherited) @executable_path/Frameworks @loader_path/Frameworks";
				PRODUCT_NAME = "$(TARGET_NAME)";
				TEST_HOST = "$(BUILT_PRODUCTS_DIR)/CrashPOC.app/CrashPOC";
			};
			name = Release;
		};
/* End XCBuildConfiguration section */

/* Begin XCConfigurationList section */
		B5B0A3981A6D3EAE0046BC64 /* Build configuration list for PBXProject "CrashPOC" */ = {
			isa = XCConfigurationList;
			buildConfigurations = (
				B5B0A3C41A6D3EAE0046BC64 /* Debug */,
				B5B0A3C51A6D3EAE0046BC64 /* Release */,
			);
			defaultConfigurationIsVisible = 0;
			defaultConfigurationName = Release;
		};
		B5B0A3C61A6D3EAE0046BC64 /* Build configuration list for PBXNativeTarget "CrashPOC" */ = {
			isa = XCConfigurationList;
			buildConfigurations = (
				B5B0A3C71A6D3EAE0046BC64 /* Debug */,
				B5B0A3C81A6D3EAE0046BC64 /* Release */,
			);
			defaultConfigurationIsVisible = 0;
		};
		B5B0A3C91A6D3EAE0046BC64 /* Build configuration list for PBXNativeTarget "CrashPOCTests" */ = {
			isa = XCConfigurationList;
			buildConfigurations = (
				B5B0A3CA1A6D3EAE0046BC64 /* Debug */,
				B5B0A3CB1A6D3EAE0046BC64 /* Release */,
			);
			defaultConfigurationIsVisible = 0;
		};
/* End XCConfigurationList section */

/* Begin XCVersionGroup section */
		B5B0A3A71A6D3EAE0046BC64 /* CrashPOC.xcdatamodeld */ = {
			isa = XCVersionGroup;
			children = (
				B5B0A3A81A6D3EAE0046BC64 /* CrashPOC.xcdatamodel */,
			);
			currentVersion = B5B0A3A81A6D3EAE0046BC64 /* CrashPOC.xcdatamodel */;
			path = CrashPOC.xcdatamodeld;
			sourceTree = "<group>";
			versionGroupType = wrapper.xcdatamodel;
		};
/* End XCVersionGroup section */
	};
	rootObject = B5B0A3951A6D3EAE0046BC64 /* Project object */;
}
